
Microsoft Visual Studio Solution File, Format Version 12.00
# Visual Studio 2017
Project("{FAE04EC0-301F-11D3-BF4B-00C04F79EFBC}") = "3D Survival Shooter", "3D Survival Shooter.csproj", "{40F88F74-29EB-CAAB-9036-D6D263EEB8AF}"
EndProject
Project("{FAE04EC0-301F-11D3-BF4B-00C04F79EFBC}") = "3D Survival Shooter.Editor", "3D Survival Shooter.Editor.csproj", "{F10B4D5C-CF66-0E4B-65F2-072CF77DDCE1}"
EndProject
Global
	GlobalSection(SolutionConfigurationPlatforms) = preSolution
		Debug|Any CPU = Debug|Any CPU
		Release|Any CPU = Release|Any CPU
	EndGlobalSection
	GlobalSection(ProjectConfigurationPlatforms) = postSolution
		{40F88F74-29EB-CAAB-9036-D6D263EEB8AF}.Debug|Any CPU.ActiveCfg = Debug|Any CPU
		{40F88F74-29EB-CAAB-9036-D6D263EEB8AF}.Debug|Any CPU.Build.0 = Debug|Any CPU
		{40F88F74-29EB-CAAB-9036-D6D263EEB8AF}.Release|Any CPU.ActiveCfg = Release|Any CPU
		{40F88F74-29EB-CAAB-9036-D6D263EEB8AF}.Release|Any CPU.Build.0 = Release|Any CPU
		{F10B4D5C-CF66-0E4B-65F2-072CF77DDCE1}.Debug|Any CPU.ActiveCfg = Debug|Any CPU
		{F10B4D5C-CF66-0E4B-65F2-072CF77DDCE1}.Debug|Any CPU.Build.0 = Debug|Any CPU
		{F10B4D5C-CF66-0E4B-65F2-072CF77DDCE1}.Release|Any CPU.ActiveCfg = Release|Any CPU
		{F10B4D5C-CF66-0E4B-65F2-072CF77DDCE1}.Release|Any CPU.Build.0 = Release|Any CPU
	EndGlobalSection
	GlobalSection(SolutionProperties) = preSolution
		HideSolutionNode = FALSE
	EndGlobalSection
EndGlobal
